// !$*UTF8*$!
{
	archiveVersion = 1;
	classes = {
	};
	objectVersion = 46;
	objects = {

/* Begin PBXBuildFile section */
		AB652D3C1EF525A600EFC963 /* AppDelegate.swift in Sources */ = {isa = PBXBuildFile; fileRef = AB652D3B1EF525A600EFC963 /* AppDelegate.swift */; };
		AB652D3E1EF525A600EFC963 /* ViewController.swift in Sources */ = {isa = PBXBuildFile; fileRef = AB652D3D1EF525A600EFC963 /* ViewController.swift */; };
		AB652D411EF525A600EFC963 /* Main.storyboard in Resources */ = {isa = PBXBuildFile; fileRef = AB652D3F1EF525A600EFC963 /* Main.storyboard */; };
		AB652D441EF525A600EFC963 /* Destroytheworld.xcdatamodeld in Sources */ = {isa = PBXBuildFile; fileRef = AB652D421EF525A600EFC963 /* Destroytheworld.xcdatamodeld */; };
		AB652D461EF525A600EFC963 /* Assets.xcassets in Resources */ = {isa = PBXBuildFile; fileRef = AB652D451EF525A600EFC963 /* Assets.xcassets */; };
		AB652D491EF525A700EFC963 /* LaunchScreen.storyboard in Resources */ = {isa = PBXBuildFile; fileRef = AB652D471EF525A700EFC963 /* LaunchScreen.storyboard */; };
		AB652D541EF525A700EFC963 /* DestroytheworldTests.swift in Sources */ = {isa = PBXBuildFile; fileRef = AB652D531EF525A700EFC963 /* DestroytheworldTests.swift */; };
		AB652D5F1EF525A700EFC963 /* DestroytheworldUITests.swift in Sources */ = {isa = PBXBuildFile; fileRef = AB652D5E1EF525A700EFC963 /* DestroytheworldUITests.swift */; };
/* End PBXBuildFile section */

/* Begin PBXContainerItemProxy section */
		AB652D501EF525A700EFC963 /* PBXContainerItemProxy */ = {
			isa = PBXContainerItemProxy;
			containerPortal = AB652D301EF525A600EFC963 /* Project object */;
			proxyType = 1;
			remoteGlobalIDString = AB652D371EF525A600EFC963;
			remoteInfo = Destroytheworld;
		};
		AB652D5B1EF525A700EFC963 /* PBXContainerItemProxy */ = {
			isa = PBXContainerItemProxy;
			containerPortal = AB652D301EF525A600EFC963 /* Project object */;
			proxyType = 1;
			remoteGlobalIDString = AB652D371EF525A600EFC963;
			remoteInfo = Destroytheworld;
		};
/* End PBXContainerItemProxy section */

/* Begin PBXFileReference section */
		AB652D381EF525A600EFC963 /* Destroytheworld.app */ = {isa = PBXFileReference; explicitFileType = wrapper.application; includeInIndex = 0; path = Destroytheworld.app; sourceTree = BUILT_PRODUCTS_DIR; };
		AB652D3B1EF525A600EFC963 /* AppDelegate.swift */ = {isa = PBXFileReference; lastKnownFileType = sourcecode.swift; path = AppDelegate.swift; sourceTree = "<group>"; };
		AB652D3D1EF525A600EFC963 /* ViewController.swift */ = {isa = PBXFileReference; lastKnownFileType = sourcecode.swift; path = ViewController.swift; sourceTree = "<group>"; };
		AB652D401EF525A600EFC963 /* Base */ = {isa = PBXFileReference; lastKnownFileType = file.storyboard; name = Base; path = Base.lproj/Main.storyboard; sourceTree = "<group>"; };
		AB652D431EF525A600EFC963 /* Destroytheworld.xcdatamodel */ = {isa = PBXFileReference; lastKnownFileType = wrapper.xcdatamodel; path = Destroytheworld.xcdatamodel; sourceTree = "<group>"; };
		AB652D451EF525A600EFC963 /* Assets.xcassets */ = {isa = PBXFileReference; lastKnownFileType = folder.assetcatalog; path = Assets.xcassets; sourceTree = "<group>"; };
		AB652D481EF525A700EFC963 /* Base */ = {isa = PBXFileReference; lastKnownFileType = file.storyboard; name = Base; path = Base.lproj/LaunchScreen.storyboard; sourceTree = "<group>"; };
		AB652D4A1EF525A700EFC963 /* Info.plist */ = {isa = PBXFileReference; lastKnownFileType = text.plist.xml; path = Info.plist; sourceTree = "<group>"; };
		AB652D4F1EF525A700EFC963 /* DestroytheworldTests.xctest */ = {isa = PBXFileReference; explicitFileType = wrapper.cfbundle; includeInIndex = 0; path = DestroytheworldTests.xctest; sourceTree = BUILT_PRODUCTS_DIR; };
		AB652D531EF525A700EFC963 /* DestroytheworldTests.swift */ = {isa = PBXFileReference; lastKnownFileType = sourcecode.swift; path = DestroytheworldTests.swift; sourceTree = "<group>"; };
		AB652D551EF525A700EFC963 /* Info.plist */ = {isa = PBXFileReference; lastKnownFileType = text.plist.xml; path = Info.plist; sourceTree = "<group>"; };
		AB652D5A1EF525A700EFC963 /* DestroytheworldUITests.xctest */ = {isa = PBXFileReference; explicitFileType = wrapper.cfbundle; includeInIndex = 0; path = DestroytheworldUITests.xctest; sourceTree = BUILT_PRODUCTS_DIR; };
		AB652D5E1EF525A700EFC963 /* DestroytheworldUITests.swift */ = {isa = PBXFileReference; lastKnownFileType = sourcecode.swift; path = DestroytheworldUITests.swift; sourceTree = "<group>"; };
		AB652D601EF525A700EFC963 /* Info.plist */ = {isa = PBXFileReference; lastKnownFileType = text.plist.xml; path = Info.plist; sourceTree = "<group>"; };
/* End PBXFileReference section */

/* Begin PBXFrameworksBuildPhase section */
		AB652D351EF525A600EFC963 /* Frameworks */ = {
			isa = PBXFrameworksBuildPhase;
			buildActionMask = 2147483647;
			files = (
			);
			runOnlyForDeploymentPostprocessing = 0;
		};
		AB652D4C1EF525A700EFC963 /* Frameworks */ = {
			isa = PBXFrameworksBuildPhase;
			buildActionMask = 2147483647;
			files = (
			);
			runOnlyForDeploymentPostprocessing = 0;
		};
		AB652D571EF525A700EFC963 /* Frameworks */ = {
			isa = PBXFrameworksBuildPhase;
			buildActionMask = 2147483647;
			files = (
			);
			runOnlyForDeploymentPostprocessing = 0;
		};
/* End PBXFrameworksBuildPhase section */

/* Begin PBXGroup section */
		AB652D2F1EF525A600EFC963 = {
			isa = PBXGroup;
			children = (
				AB652D3A1EF525A600EFC963 /* Destroytheworld */,
				AB652D521EF525A700EFC963 /* DestroytheworldTests */,
				AB652D5D1EF525A700EFC963 /* DestroytheworldUITests */,
				AB652D391EF525A600EFC963 /* Products */,
			);
			sourceTree = "<group>";
		};
		AB652D391EF525A600EFC963 /* Products */ = {
			isa = PBXGroup;
			children = (
				AB652D381EF525A600EFC963 /* Destroytheworld.app */,
				AB652D4F1EF525A700EFC963 /* DestroytheworldTests.xctest */,
				AB652D5A1EF525A700EFC963 /* DestroytheworldUITests.xctest */,
			);
			name = Products;
			sourceTree = "<group>";
		};
		AB652D3A1EF525A600EFC963 /* Destroytheworld */ = {
			isa = PBXGroup;
			children = (
				AB652D3B1EF525A600EFC963 /* AppDelegate.swift */,
				AB652D3D1EF525A600EFC963 /* ViewController.swift */,
				AB652D3F1EF525A600EFC963 /* Main.storyboard */,
				AB652D451EF525A600EFC963 /* Assets.xcassets */,
				AB652D471EF525A700EFC963 /* LaunchScreen.storyboard */,
				AB652D4A1EF525A700EFC963 /* Info.plist */,
				AB652D421EF525A600EFC963 /* Destroytheworld.xcdatamodeld */,
			);
			path = Destroytheworld;
			sourceTree = "<group>";
		};
		AB652D521EF525A700EFC963 /* DestroytheworldTests */ = {
			isa = PBXGroup;
			children = (
				AB652D531EF525A700EFC963 /* DestroytheworldTests.swift */,
				AB652D551EF525A700EFC963 /* Info.plist */,
			);
			path = DestroytheworldTests;
			sourceTree = "<group>";
		};
		AB652D5D1EF525A700EFC963 /* DestroytheworldUITests */ = {
			isa = PBXGroup;
			children = (
				AB652D5E1EF525A700EFC963 /* DestroytheworldUITests.swift */,
				AB652D601EF525A700EFC963 /* Info.plist */,
			);
			path = DestroytheworldUITests;
			sourceTree = "<group>";
		};
/* End PBXGroup section */

/* Begin PBXNativeTarget section */
		AB652D371EF525A600EFC963 /* Destroytheworld */ = {
			isa = PBXNativeTarget;
			buildConfigurationList = AB652D631EF525A700EFC963 /* Build configuration list for PBXNativeTarget "Destroytheworld" */;
			buildPhases = (
				AB652D341EF525A600EFC963 /* Sources */,
				AB652D351EF525A600EFC963 /* Frameworks */,
				AB652D361EF525A600EFC963 /* Resources */,
			);
			buildRules = (
			);
			dependencies = (
			);
			name = Destroytheworld;
			productName = Destroytheworld;
			productReference = AB652D381EF525A600EFC963 /* Destroytheworld.app */;
			productType = "com.apple.product-type.application";
		};
		AB652D4E1EF525A700EFC963 /* DestroytheworldTests */ = {
			isa = PBXNativeTarget;
			buildConfigurationList = AB652D661EF525A700EFC963 /* Build configuration list for PBXNativeTarget "DestroytheworldTests" */;
			buildPhases = (
				AB652D4B1EF525A700EFC963 /* Sources */,
				AB652D4C1EF525A700EFC963 /* Frameworks */,
				AB652D4D1EF525A700EFC963 /* Resources */,
			);
			buildRules = (
			);
			dependencies = (
				AB652D511EF525A700EFC963 /* PBXTargetDependency */,
			);
			name = DestroytheworldTests;
			productName = DestroytheworldTests;
			productReference = AB652D4F1EF525A700EFC963 /* DestroytheworldTests.xctest */;
			productType = "com.apple.product-type.bundle.unit-test";
		};
		AB652D591EF525A700EFC963 /* DestroytheworldUITests */ = {
			isa = PBXNativeTarget;
			buildConfigurationList = AB652D691EF525A700EFC963 /* Build configuration list for PBXNativeTarget "DestroytheworldUITests" */;
			buildPhases = (
				AB652D561EF525A700EFC963 /* Sources */,
				AB652D571EF525A700EFC963 /* Frameworks */,
				AB652D581EF525A700EFC963 /* Resources */,
			);
			buildRules = (
			);
			dependencies = (
				AB652D5C1EF525A700EFC963 /* PBXTargetDependency */,
			);
			name = DestroytheworldUITests;
			productName = DestroytheworldUITests;
			productReference = AB652D5A1EF525A700EFC963 /* DestroytheworldUITests.xctest */;
			productType = "com.apple.product-type.bundle.ui-testing";
		};
/* End PBXNativeTarget section */

/* Begin PBXProject section */
		AB652D301EF525A600EFC963 /* Project object */ = {
			isa = PBXProject;
			attributes = {
				LastSwiftUpdateCheck = 0830;
				LastUpgradeCheck = 0830;
				ORGANIZATIONNAME = "Talukder Kaikobad";
				TargetAttributes = {
					AB652D371EF525A600EFC963 = {
						CreatedOnToolsVersion = 8.3.3;
						ProvisioningStyle = Automatic;
					};
					AB652D4E1EF525A700EFC963 = {
						CreatedOnToolsVersion = 8.3.3;
						ProvisioningStyle = Automatic;
						TestTargetID = AB652D371EF525A600EFC963;
					};
					AB652D591EF525A700EFC963 = {
						CreatedOnToolsVersion = 8.3.3;
						ProvisioningStyle = Automatic;
						TestTargetID = AB652D371EF525A600EFC963;
					};
				};
			};
			buildConfigurationList = AB652D331EF525A600EFC963 /* Build configuration list for PBXProject "Destroytheworld" */;
			compatibilityVersion = "Xcode 3.2";
			developmentRegion = English;
			hasScannedForEncodings = 0;
			knownRegions = (
				en,
				Base,
			);
			mainGroup = AB652D2F1EF525A600EFC963;
			productRefGroup = AB652D391EF525A600EFC963 /* Products */;
			projectDirPath = "";
			projectRoot = "";
			targets = (
				AB652D371EF525A600EFC963 /* Destroytheworld */,
				AB652D4E1EF525A700EFC963 /* DestroytheworldTests */,
				AB652D591EF525A700EFC963 /* DestroytheworldUITests */,
			);
		};
/* End PBXProject section */

/* Begin PBXResourcesBuildPhase section */
		AB652D361EF525A600EFC963 /* Resources */ = {
			isa = PBXResourcesBuildPhase;
			buildActionMask = 2147483647;
			files = (
				AB652D491EF525A700EFC963 /* LaunchScreen.storyboard in Resources */,
				AB652D461EF525A600EFC963 /* Assets.xcassets in Resources */,
				AB652D411EF525A600EFC963 /* Main.storyboard in Resources */,
			);
			runOnlyForDeploymentPostprocessing = 0;
		};
		AB652D4D1EF525A700EFC963 /* Resources */ = {
			isa = PBXResourcesBuildPhase;
			buildActionMask = 2147483647;
			files = (
			);
			runOnlyForDeploymentPostprocessing = 0;
		};
		AB652D581EF525A700EFC963 /* Resources */ = {
			isa = PBXResourcesBuildPhase;
			buildActionMask = 2147483647;
			files = (
			);
			runOnlyForDeploymentPostprocessing = 0;
		};
/* End PBXResourcesBuildPhase section */

/* Begin PBXSourcesBuildPhase section */
		AB652D341EF525A600EFC963 /* Sources */ = {
			isa = PBXSourcesBuildPhase;
			buildActionMask = 2147483647;
			files = (
				AB652D441EF525A600EFC963 /* Destroytheworld.xcdatamodeld in Sources */,
				AB652D3E1EF525A600EFC963 /* ViewController.swift in Sources */,
				AB652D3C1EF525A600EFC963 /* AppDelegate.swift in Sources */,
			);
			runOnlyForDeploymentPostprocessing = 0;
		};
		AB652D4B1EF525A700EFC963 /* Sources */ = {
			isa = PBXSourcesBuildPhase;
			buildActionMask = 2147483647;
			files = (
				AB652D541EF525A700EFC963 /* DestroytheworldTests.swift in Sources */,
			);
			runOnlyForDeploymentPostprocessing = 0;
		};
		AB652D561EF525A700EFC963 /* Sources */ = {
			isa = PBXSourcesBuildPhase;
			buildActionMask = 2147483647;
			files = (
				AB652D5F1EF525A700EFC963 /* DestroytheworldUITests.swift in Sources */,
			);
			runOnlyForDeploymentPostprocessing = 0;
		};
/* End PBXSourcesBuildPhase section */

/* Begin PBXTargetDependency section */
		AB652D511EF525A700EFC963 /* PBXTargetDependency */ = {
			isa = PBXTargetDependency;
			target = AB652D371EF525A600EFC963 /* Destroytheworld */;
			targetProxy = AB652D501EF525A700EFC963 /* PBXContainerItemProxy */;
		};
		AB652D5C1EF525A700EFC963 /* PBXTargetDependency */ = {
			isa = PBXTargetDependency;
			target = AB652D371EF525A600EFC963 /* Destroytheworld */;
			targetProxy = AB652D5B1EF525A700EFC963 /* PBXContainerItemProxy */;
		};
/* End PBXTargetDependency section */

/* Begin PBXVariantGroup section */
		AB652D3F1EF525A600EFC963 /* Main.storyboard */ = {
			isa = PBXVariantGroup;
			children = (
				AB652D401EF525A600EFC963 /* Base */,
			);
			name = Main.storyboard;
			sourceTree = "<group>";
		};
		AB652D471EF525A700EFC963 /* LaunchScreen.storyboard */ = {
			isa = PBXVariantGroup;
			children = (
				AB652D481EF525A700EFC963 /* Base */,
			);
			name = LaunchScreen.storyboard;
			sourceTree = "<group>";
		};
/* End PBXVariantGroup section */

/* Begin XCBuildConfiguration section */
		AB652D611EF525A700EFC963 /* Debug */ = {
			isa = XCBuildConfiguration;
			buildSettings = {
				ALWAYS_SEARCH_USER_PATHS = NO;
				CLANG_ANALYZER_NONNULL = YES;
				CLANG_ANALYZER_NUMBER_OBJECT_CONVERSION = YES_AGGRESSIVE;
				CLANG_CXX_LANGUAGE_STANDARD = "gnu++0x";
				CLANG_CXX_LIBRARY = "libc++";
				CLANG_ENABLE_MODULES = YES;
				CLANG_ENABLE_OBJC_ARC = YES;
				CLANG_WARN_BOOL_CONVERSION = YES;
				CLANG_WARN_CONSTANT_CONVERSION = YES;
				CLANG_WARN_DIRECT_OBJC_ISA_USAGE = YES_ERROR;
				CLANG_WARN_DOCUMENTATION_COMMENTS = YES;
				CLANG_WARN_EMPTY_BODY = YES;
				CLANG_WARN_ENUM_CONVERSION = YES;
				CLANG_WARN_INFINITE_RECURSION = YES;
				CLANG_WARN_INT_CONVERSION = YES;
				CLANG_WARN_OBJC_ROOT_CLASS = YES_ERROR;
				CLANG_WARN_SUSPICIOUS_MOVE = YES;
				CLANG_WARN_UNREACHABLE_CODE = YES;
				CLANG_WARN__DUPLICATE_METHOD_MATCH = YES;
				"CODE_SIGN_IDENTITY[sdk=iphoneos*]" = "iPhone Developer";
				COPY_PHASE_STRIP = NO;
				DEBUG_INFORMATION_FORMAT = dwarf;
				ENABLE_STRICT_OBJC_MSGSEND = YES;
				ENABLE_TESTABILITY = YES;
				GCC_C_LANGUAGE_STANDARD = gnu99;
				GCC_DYNAMIC_NO_PIC = NO;
				GCC_NO_COMMON_BLOCKS = YES;
				GCC_OPTIMIZATION_LEVEL = 0;
				GCC_PREPROCESSOR_DEFINITIONS = (
					"DEBUG=1",
					"$(inherited)",
				);
				GCC_WARN_64_TO_32_BIT_CONVERSION = YES;
				GCC_WARN_ABOUT_RETURN_TYPE = YES_ERROR;
				GCC_WARN_UNDECLARED_SELECTOR = YES;
				GCC_WARN_UNINITIALIZED_AUTOS = YES_AGGRESSIVE;
				GCC_WARN_UNUSED_FUNCTION = YES;
				GCC_WARN_UNUSED_VARIABLE = YES;
				IPHONEOS_DEPLOYMENT_TARGET = 10.3;
				MTL_ENABLE_DEBUG_INFO = YES;
				ONLY_ACTIVE_ARCH = YES;
				SDKROOT = iphoneos;
				SWIFT_ACTIVE_COMPILATION_CONDITIONS = DEBUG;
				SWIFT_OPTIMIZATION_LEVEL = "-Onone";
				TARGETED_DEVICE_FAMILY = "1,2";
			};
			name = Debug;
		};
		AB652D621EF525A700EFC963 /* Release */ = {
			isa = XCBuildConfiguration;
			buildSettings = {
				ALWAYS_SEARCH_USER_PATHS = NO;
				CLANG_ANALYZER_NONNULL = YES;
				CLANG_ANALYZER_NUMBER_OBJECT_CONVERSION = YES_AGGRESSIVE;
				CLANG_CXX_LANGUAGE_STANDARD = "gnu++0x";
				CLANG_CXX_LIBRARY = "libc++";
				CLANG_ENABLE_MODULES = YES;
				CLANG_ENABLE_OBJC_ARC = YES;
				CLANG_WARN_BOOL_CONVERSION = YES;
				CLANG_WARN_CONSTANT_CONVERSION = YES;
				CLANG_WARN_DIRECT_OBJC_ISA_USAGE = YES_ERROR;
				CLANG_WARN_DOCUMENTATION_COMMENTS = YES;
				CLANG_WARN_EMPTY_BODY = YES;
				CLANG_WARN_ENUM_CONVERSION = YES;
				CLANG_WARN_INFINITE_RECURSION = YES;
				CLANG_WARN_INT_CONVERSION = YES;
				CLANG_WARN_OBJC_ROOT_CLASS = YES_ERROR;
				CLANG_WARN_SUSPICIOUS_MOVE = YES;
				CLANG_WARN_UNREACHABLE_CODE = YES;
				CLANG_WARN__DUPLICATE_METHOD_MATCH = YES;
				"CODE_SIGN_IDENTITY[sdk=iphoneos*]" = "iPhone Developer";
				COPY_PHASE_STRIP = NO;
				DEBUG_INFORMATION_FORMAT = "dwarf-with-dsym";
				ENABLE_NS_ASSERTIONS = NO;
				ENABLE_STRICT_OBJC_MSGSEND = YES;
				GCC_C_LANGUAGE_STANDARD = gnu99;
				GCC_NO_COMMON_BLOCKS = YES;
				GCC_WARN_64_TO_32_BIT_CONVERSION = YES;
				GCC_WARN_ABOUT_RETURN_TYPE = YES_ERROR;
				GCC_WARN_UNDECLARED_SELECTOR = YES;
				GCC_WARN_UNINITIALIZED_AUTOS = YES_AGGRESSIVE;
				GCC_WARN_UNUSED_FUNCTION = YES;
				GCC_WARN_UNUSED_VARIABLE = YES;
				IPHONEOS_DEPLOYMENT_TARGET = 10.3;
				MTL_ENABLE_DEBUG_INFO = NO;
				SDKROOT = iphoneos;
				SWIFT_OPTIMIZATION_LEVEL = "-Owholemodule";
				TARGETED_DEVICE_FAMILY = "1,2";
				VALIDATE_PRODUCT = YES;
			};
			name = Release;
		};
		AB652D641EF525A700EFC963 /* Debug */ = {
			isa = XCBuildConfiguration;
			buildSettings = {
				ASSETCATALOG_COMPILER_APPICON_NAME = AppIcon;
				INFOPLIST_FILE = Destroytheworld/Info.plist;
				LD_RUNPATH_SEARCH_PATHS = "$(inherited) @executable_path/Frameworks";
				PRODUCT_BUNDLE_IDENTIFIER = ssss.Destroytheworld;
				PRODUCT_NAME = "$(TARGET_NAME)";
				SWIFT_VERSION = 3.0;
			};
			name = Debug;
		};
		AB652D651EF525A700EFC963 /* Release */ = {
			isa = XCBuildConfiguration;
			buildSettings = {
				ASSETCATALOG_COMPILER_APPICON_NAME = AppIcon;
				INFOPLIST_FILE = Destroytheworld/Info.plist;
				LD_RUNPATH_SEARCH_PATHS = "$(inherited) @executable_path/Frameworks";
				PRODUCT_BUNDLE_IDENTIFIER = ssss.Destroytheworld;
				PRODUCT_NAME = "$(TARGET_NAME)";
				SWIFT_VERSION = 3.0;
			};
			name = Release;
		};
		AB652D671EF525A700EFC963 /* Debug */ = {
			isa = XCBuildConfiguration;
			buildSettings = {
				ALWAYS_EMBED_SWIFT_STANDARD_LIBRARIES = YES;
				BUNDLE_LOADER = "$(TEST_HOST)";
				INFOPLIST_FILE = DestroytheworldTests/Info.plist;
				LD_RUNPATH_SEARCH_PATHS = "$(inherited) @executable_path/Frameworks @loader_path/Frameworks";
				PRODUCT_BUNDLE_IDENTIFIER = ssss.DestroytheworldTests;
				PRODUCT_NAME = "$(TARGET_NAME)";
				SWIFT_VERSION = 3.0;
				TEST_HOST = "$(BUILT_PRODUCTS_DIR)/Destroytheworld.app/Destroytheworld";
			};
			name = Debug;
		};
		AB652D681EF525A700EFC963 /* Release */ = {
			isa = XCBuildConfiguration;
			buildSettings = {
				ALWAYS_EMBED_SWIFT_STANDARD_LIBRARIES = YES;
				BUNDLE_LOADER = "$(TEST_HOST)";
				INFOPLIST_FILE = DestroytheworldTests/Info.plist;
				LD_RUNPATH_SEARCH_PATHS = "$(inherited) @executable_path/Frameworks @loader_path/Frameworks";
				PRODUCT_BUNDLE_IDENTIFIER = ssss.DestroytheworldTests;
				PRODUCT_NAME = "$(TARGET_NAME)";
				SWIFT_VERSION = 3.0;
				TEST_HOST = "$(BUILT_PRODUCTS_DIR)/Destroytheworld.app/Destroytheworld";
			};
			name = Release;
		};
		AB652D6A1EF525A700EFC963 /* Debug */ = {
			isa = XCBuildConfiguration;
			buildSettings = {
				ALWAYS_EMBED_SWIFT_STANDARD_LIBRARIES = YES;
				INFOPLIST_FILE = DestroytheworldUITests/Info.plist;
				LD_RUNPATH_SEARCH_PATHS = "$(inherited) @executable_path/Frameworks @loader_path/Frameworks";
				PRODUCT_BUNDLE_IDENTIFIER = ssss.DestroytheworldUITests;
				PRODUCT_NAME = "$(TARGET_NAME)";
				SWIFT_VERSION = 3.0;
				TEST_TARGET_NAME = Destroytheworld;
			};
			name = Debug;
		};
		AB652D6B1EF525A700EFC963 /* Release */ = {
			isa = XCBuildConfiguration;
			buildSettings = {
				ALWAYS_EMBED_SWIFT_STANDARD_LIBRARIES = YES;
				INFOPLIST_FILE = DestroytheworldUITests/Info.plist;
				LD_RUNPATH_SEARCH_PATHS = "$(inherited) @executable_path/Frameworks @loader_path/Frameworks";
				PRODUCT_BUNDLE_IDENTIFIER = ssss.DestroytheworldUITests;
				PRODUCT_NAME = "$(TARGET_NAME)";
				SWIFT_VERSION = 3.0;
				TEST_TARGET_NAME = Destroytheworld;
			};
			name = Release;
		};
/* End XCBuildConfiguration section */

/* Begin XCConfigurationList section */
		AB652D331EF525A600EFC963 /* Build configuration list for PBXProject "Destroytheworld" */ = {
			isa = XCConfigurationList;
			buildConfigurations = (
				AB652D611EF525A700EFC963 /* Debug */,
				AB652D621EF525A700EFC963 /* Release */,
			);
			defaultConfigurationIsVisible = 0;
			defaultConfigurationName = Release;
		};
		AB652D631EF525A700EFC963 /* Build configuration list for PBXNativeTarget "Destroytheworld" */ = {
			isa = XCConfigurationList;
			buildConfigurations = (
				AB652D641EF525A700EFC963 /* Debug */,
				AB652D651EF525A700EFC963 /* Release */,
			);
			defaultConfigurationIsVisible = 0;
		};
		AB652D661EF525A700EFC963 /* Build configuration list for PBXNativeTarget "DestroytheworldTests" */ = {
			isa = XCConfigurationList;
			buildConfigurations = (
				AB652D671EF525A700EFC963 /* Debug */,
				AB652D681EF525A700EFC963 /* Release */,
			);
			defaultConfigurationIsVisible = 0;
		};
		AB652D691EF525A700EFC963 /* Build configuration list for PBXNativeTarget "DestroytheworldUITests" */ = {
			isa = XCConfigurationList;
			buildConfigurations = (
				AB652D6A1EF525A700EFC963 /* Debug */,
				AB652D6B1EF525A700EFC963 /* Release */,
			);
			defaultConfigurationIsVisible = 0;
		};
/* End XCConfigurationList section */

/* Begin XCVersionGroup section */
		AB652D421EF525A600EFC963 /* Destroytheworld.xcdatamodeld */ = {
			isa = XCVersionGroup;
			children = (
				AB652D431EF525A600EFC963 /* Destroytheworld.xcdatamodel */,
			);
			currentVersion = AB652D431EF525A600EFC963 /* Destroytheworld.xcdatamodel */;
			path = Destroytheworld.xcdatamodeld;
			sourceTree = "<group>";
			versionGroupType = wrapper.xcdatamodel;
		};
/* End XCVersionGroup section */
	};
	rootObject = AB652D301EF525A600EFC963 /* Project object */;
}
